
Microsoft Visual Studio Solution File, Format Version 12.00
# Visual Studio 15
VisualStudioVersion = 15.0.28307.136
MinimumVisualStudioVersion = 10.0.40219.1
Project("{9A19103F-16F7-4668-BE54-9A1E7A4F7556}") = "MarsRover", "MarsRover\MarsRover.csproj", "{1C21CE49-A9F3-4808-A1BB-8B8430EF2B34}"
EndProject
Project("{9A19103F-16F7-4668-BE54-9A1E7A4F7556}") = "MarsRover.Test", "MarsRover.Test\MarsRover.Test.csproj", "{A4B856D8-0438-4CBA-B833-D865249C8B21}"
EndProject
Global
	GlobalSection(SolutionConfigurationPlatforms) = preSolution
		Debug|Any CPU = Debug|Any CPU
		Release|Any CPU = Release|Any CPU
	EndGlobalSection
	GlobalSection(ProjectConfigurationPlatforms) = postSolution
		{1C21CE49-A9F3-4808-A1BB-8B8430EF2B34}.Debug|Any CPU.ActiveCfg = Debug|Any CPU
		{1C21CE49-A9F3-4808-A1BB-8B8430EF2B34}.Debug|Any CPU.Build.0 = Debug|Any CPU
		{1C21CE49-A9F3-4808-A1BB-8B8430EF2B34}.Release|Any CPU.ActiveCfg = Release|Any CPU
		{1C21CE49-A9F3-4808-A1BB-8B8430EF2B34}.Release|Any CPU.Build.0 = Release|Any CPU
		{A4B856D8-0438-4CBA-B833-D865249C8B21}.Debug|Any CPU.ActiveCfg = Debug|Any CPU
		{A4B856D8-0438-4CBA-B833-D865249C8B21}.Debug|Any CPU.Build.0 = Debug|Any CPU
		{A4B856D8-0438-4CBA-B833-D865249C8B21}.Release|Any CPU.ActiveCfg = Release|Any CPU
		{A4B856D8-0438-4CBA-B833-D865249C8B21}.Release|Any CPU.Build.0 = Release|Any CPU
	EndGlobalSection
	GlobalSection(SolutionProperties) = preSolution
		HideSolutionNode = FALSE
	EndGlobalSection
	GlobalSection(ExtensibilityGlobals) = postSolution
		SolutionGuid = {B3A90A16-E687-4569-A691-EB1436B2234B}
	EndGlobalSection
EndGlobal
